Microsoft Visual Studio Solution File, Format Version 11.00
# Visual Studio 2008

Project("{6CB325BD-34F4-9386-D153-C31D2A5EDED0}") = "TSA_Game_2015", "Assembly-CSharp-firstpass.csproj", "{EBA45AF2-CC4C-A0B1-F047-010A13E711E8}"
EndProject
Project("{6CB325BD-34F4-9386-D153-C31D2A5EDED0}") = "TSA_Game_2015", "Assembly-CSharp.csproj", "{428DDF3B-22C4-06E9-9CF0-5E35461F92FA}"
EndProject
Project("{6CB325BD-34F4-9386-D153-C31D2A5EDED0}") = "TSA_Game_2015", "Assembly-CSharp-Editor.csproj", "{D754956D-19F4-2BB2-BC29-124AA465D8B7}"
EndProject
Global
	GlobalSection(SolutionConfigurationPlatforms) = preSolution
		Debug|Any CPU = Debug|Any CPU
		Release|Any CPU = Release|Any CPU
	EndGlobalSection
	GlobalSection(ProjectConfigurationPlatforms) = postSolution
		{EBA45AF2-CC4C-A0B1-F047-010A13E711E8}.Debug|Any CPU.ActiveCfg = Debug|Any CPU
		{EBA45AF2-CC4C-A0B1-F047-010A13E711E8}.Debug|Any CPU.Build.0 = Debug|Any CPU
		{EBA45AF2-CC4C-A0B1-F047-010A13E711E8}.Release|Any CPU.ActiveCfg = Release|Any CPU
		{EBA45AF2-CC4C-A0B1-F047-010A13E711E8}.Release|Any CPU.Build.0 = Release|Any CPU
		{428DDF3B-22C4-06E9-9CF0-5E35461F92FA}.Debug|Any CPU.ActiveCfg = Debug|Any CPU
		{428DDF3B-22C4-06E9-9CF0-5E35461F92FA}.Debug|Any CPU.Build.0 = Debug|Any CPU
		{428DDF3B-22C4-06E9-9CF0-5E35461F92FA}.Release|Any CPU.ActiveCfg = Release|Any CPU
		{428DDF3B-22C4-06E9-9CF0-5E35461F92FA}.Release|Any CPU.Build.0 = Release|Any CPU
		{D754956D-19F4-2BB2-BC29-124AA465D8B7}.Debug|Any CPU.ActiveCfg = Debug|Any CPU
		{D754956D-19F4-2BB2-BC29-124AA465D8B7}.Debug|Any CPU.Build.0 = Debug|Any CPU
		{D754956D-19F4-2BB2-BC29-124AA465D8B7}.Release|Any CPU.ActiveCfg = Release|Any CPU
		{D754956D-19F4-2BB2-BC29-124AA465D8B7}.Release|Any CPU.Build.0 = Release|Any CPU
	EndGlobalSection
	GlobalSection(SolutionProperties) = preSolution
		HideSolutionNode = FALSE
	EndGlobalSection
	GlobalSection(MonoDevelopProperties) = preSolution
		StartupItem = Assembly-CSharp.csproj
	EndGlobalSection
EndGlobal
